# Metacanon Constitution lock

canonical_file = "Metacanon_Constitution_v3.0.md"
canonical_sha256 = "ecf3b151a8b9bc1f296060b6d82c4af0d2d5929536f4eca7bf0683884ba1dc89"
source_path = "/Users/paul/prism-pillar-law/governance/bundles/dev/constitution.md"
source_manifest = "/Users/paul/prism-pillar-law/governance/source-manifest.json"
source_manifest_sha256 = "7c004cb974ac0845b9467c0843c4f716ebd088603cc99b93f7993d874bc39c62"
bundle_manifest = "/Users/paul/prism-pillar-law/governance/bundles/dev/manifest.json"
bundle_manifest_sha256 = "91e763050fd6d90940b259ee6f6905239addd4c19d4527e7e31267f0c44e46bf"
authority_note = "Copied verbatim for local instruction-boundary reference. Do not modify or interpret by agent action."
added_by_request = "Human request in Codex session on 2026-06-24: add the constitution file."
